
Microsoft Visual Studio Solution File, Format Version 12.00
Project("{FAE04EC0-301F-11D3-BF4B-00C04F79EFBC}") = "testTaskASP", "testTaskASP\testTaskASP.csproj", "{3B8B07FA-A43A-4511-BD2C-34221282ACA9}"
	ProjectSection(ProjectDependencies) = postProject
		{9DE1B99F-BA24-436A-814C-E1969443FF1F} = {9DE1B99F-BA24-436A-814C-E1969443FF1F}
		{6A4EB9A3-9BE7-43A5-A3A3-A5E487369914} = {6A4EB9A3-9BE7-43A5-A3A3-A5E487369914}
		{5D6D8593-0CB4-488F-B986-68981E23E4CD} = {5D6D8593-0CB4-488F-B986-68981E23E4CD}
	EndProjectSection
EndProject
Project("{FAE04EC0-301F-11D3-BF4B-00C04F79EFBC}") = "Models", "Models\Models.csproj", "{6A4EB9A3-9BE7-43A5-A3A3-A5E487369914}"
EndProject
Project("{FAE04EC0-301F-11D3-BF4B-00C04F79EFBC}") = "DataAccess", "DataAccess\DataAccess.csproj", "{9DE1B99F-BA24-436A-814C-E1969443FF1F}"
	ProjectSection(ProjectDependencies) = postProject
		{6A4EB9A3-9BE7-43A5-A3A3-A5E487369914} = {6A4EB9A3-9BE7-43A5-A3A3-A5E487369914}
	EndProjectSection
EndProject
Project("{FAE04EC0-301F-11D3-BF4B-00C04F79EFBC}") = "Services", "Services\Services.csproj", "{5D6D8593-0CB4-488F-B986-68981E23E4CD}"
	ProjectSection(ProjectDependencies) = postProject
		{9DE1B99F-BA24-436A-814C-E1969443FF1F} = {9DE1B99F-BA24-436A-814C-E1969443FF1F}
		{6A4EB9A3-9BE7-43A5-A3A3-A5E487369914} = {6A4EB9A3-9BE7-43A5-A3A3-A5E487369914}
	EndProjectSection
EndProject
Project("{FAE04EC0-301F-11D3-BF4B-00C04F79EFBC}") = "Frontend", "Frontend\Frontend.csproj", "{9F143FC5-502F-45A3-9090-A53C67BCD149}"
EndProject
Global
	GlobalSection(SolutionConfigurationPlatforms) = preSolution
		Debug|Any CPU = Debug|Any CPU
		Release|Any CPU = Release|Any CPU
	EndGlobalSection
	GlobalSection(ProjectConfigurationPlatforms) = postSolution
		{3B8B07FA-A43A-4511-BD2C-34221282ACA9}.Debug|Any CPU.ActiveCfg = Debug|Any CPU
		{3B8B07FA-A43A-4511-BD2C-34221282ACA9}.Debug|Any CPU.Build.0 = Debug|Any CPU
		{3B8B07FA-A43A-4511-BD2C-34221282ACA9}.Release|Any CPU.ActiveCfg = Release|Any CPU
		{3B8B07FA-A43A-4511-BD2C-34221282ACA9}.Release|Any CPU.Build.0 = Release|Any CPU
		{6A4EB9A3-9BE7-43A5-A3A3-A5E487369914}.Debug|Any CPU.ActiveCfg = Debug|Any CPU
		{6A4EB9A3-9BE7-43A5-A3A3-A5E487369914}.Debug|Any CPU.Build.0 = Debug|Any CPU
		{6A4EB9A3-9BE7-43A5-A3A3-A5E487369914}.Release|Any CPU.ActiveCfg = Release|Any CPU
		{6A4EB9A3-9BE7-43A5-A3A3-A5E487369914}.Release|Any CPU.Build.0 = Release|Any CPU
		{9DE1B99F-BA24-436A-814C-E1969443FF1F}.Debug|Any CPU.ActiveCfg = Debug|Any CPU
		{9DE1B99F-BA24-436A-814C-E1969443FF1F}.Debug|Any CPU.Build.0 = Debug|Any CPU
		{9DE1B99F-BA24-436A-814C-E1969443FF1F}.Release|Any CPU.ActiveCfg = Release|Any CPU
		{9DE1B99F-BA24-436A-814C-E1969443FF1F}.Release|Any CPU.Build.0 = Release|Any CPU
		{5D6D8593-0CB4-488F-B986-68981E23E4CD}.Debug|Any CPU.ActiveCfg = Debug|Any CPU
		{5D6D8593-0CB4-488F-B986-68981E23E4CD}.Debug|Any CPU.Build.0 = Debug|Any CPU
		{5D6D8593-0CB4-488F-B986-68981E23E4CD}.Release|Any CPU.ActiveCfg = Release|Any CPU
		{5D6D8593-0CB4-488F-B986-68981E23E4CD}.Release|Any CPU.Build.0 = Release|Any CPU
		{9F143FC5-502F-45A3-9090-A53C67BCD149}.Debug|Any CPU.ActiveCfg = Debug|Any CPU
		{9F143FC5-502F-45A3-9090-A53C67BCD149}.Debug|Any CPU.Build.0 = Debug|Any CPU
		{9F143FC5-502F-45A3-9090-A53C67BCD149}.Release|Any CPU.ActiveCfg = Release|Any CPU
		{9F143FC5-502F-45A3-9090-A53C67BCD149}.Release|Any CPU.Build.0 = Release|Any CPU
	EndGlobalSection
EndGlobal
